// !$*UTF8*$!
{
	archiveVersion = 1;
	classes = {
	};
	objectVersion = 54;
	objects = {

/* Begin PBXBuildFile section */
		00E356F31AD99517003FC87E /* SanTests.m in Sources */ = {isa = PBXBuildFile; fileRef = 00E356F21AD99517003FC87E /* SanTests.m */; };
		13B07FBC1A68108700A75B9A /* AppDelegate.m in Sources */ = {isa = PBXBuildFile; fileRef = 13B07FB01A68108700A75B9A /* AppDelegate.m */; };
		13B07FBF1A68108700A75B9A /* Images.xcassets in Resources */ = {isa = PBXBuildFile; fileRef = 13B07FB51A68108700A75B9A /* Images.xcassets */; };
		13B07FC11A68108700A75B9A /* main.m in Sources */ = {isa = PBXBuildFile; fileRef = 13B07FB71A68108700A75B9A /* main.m */; };
		81AB9BB82411601600AC10FF /* LaunchScreen.storyboard in Resources */ = {isa = PBXBuildFile; fileRef = 81AB9BB72411601600AC10FF /* LaunchScreen.storyboard */; };
		53423A2E4BE548EE9D5A1A93 /* AntDesign.ttf in Resources */ = {isa = PBXBuildFile; fileRef = 373868821F2C4B0C930819A8 /* AntDesign.ttf */; };
		A53E23608141490BA7411E7C /* Entypo.ttf in Resources */ = {isa = PBXBuildFile; fileRef = D9562C8A1A374DEB837336CE /* Entypo.ttf */; };
		B4B679E771E243DF85768887 /* EvilIcons.ttf in Resources */ = {isa = PBXBuildFile; fileRef = AB1BACB0F86F4BABA4A5B32A /* EvilIcons.ttf */; };
		5937162BB6B14DCE922FBB4C /* Feather.ttf in Resources */ = {isa = PBXBuildFile; fileRef = F598ED0EBA364DA8BC2515E5 /* Feather.ttf */; };
		1FE27AE6B7D549F886170AA5 /* FontAwesome.ttf in Resources */ = {isa = PBXBuildFile; fileRef = 7E544F0DB7834462B543FF18 /* FontAwesome.ttf */; };
		09B926EAAC7043EF857E987D /* FontAwesome5_Brands.ttf in Resources */ = {isa = PBXBuildFile; fileRef = 63310F2DF3474E688873D952 /* FontAwesome5_Brands.ttf */; };
		8DF16F5E969B4BCC8E7D305C /* FontAwesome5_Regular.ttf in Resources */ = {isa = PBXBuildFile; fileRef = 0EAF8EBC59114EFA824E2D0D /* FontAwesome5_Regular.ttf */; };
		8BF10E00EB59473A9714E12C /* FontAwesome5_Solid.ttf in Resources */ = {isa = PBXBuildFile; fileRef = 904EE323982E44DC8BA77A93 /* FontAwesome5_Solid.ttf */; };
		BC36B4191DED47C5A4A32A12 /* Fontisto.ttf in Resources */ = {isa = PBXBuildFile; fileRef = ABB2B7F538184357845D21A6 /* Fontisto.ttf */; };
		8A52F449BC364599892F26B5 /* Foundation.ttf in Resources */ = {isa = PBXBuildFile; fileRef = DA405D985E3746219AF162B4 /* Foundation.ttf */; };
		F1E8F5C162D64BB2A0A42DED /* Ionicons.ttf in Resources */ = {isa = PBXBuildFile; fileRef = 9DEC73C4024A425799A545A0 /* Ionicons.ttf */; };
		535FC4210F914DB7829F1C5B /* MaterialCommunityIcons.ttf in Resources */ = {isa = PBXBuildFile; fileRef = 68A20414FA3F4277A1C6964D /* MaterialCommunityIcons.ttf */; };
		8EA7E65279324C69BB37CBFB /* MaterialIcons.ttf in Resources */ = {isa = PBXBuildFile; fileRef = 356BF760EC6A417F9FCD2093 /* MaterialIcons.ttf */; };
		7791BA1FFC3A4B089AB170A3 /* Octicons.ttf in Resources */ = {isa = PBXBuildFile; fileRef = 85A7525E39084537908D5F2C /* Octicons.ttf */; };
		4C87127847C7448189C6E928 /* SimpleLineIcons.ttf in Resources */ = {isa = PBXBuildFile; fileRef = 3531B0CE0FC545A399BA1757 /* SimpleLineIcons.ttf */; };
		3BD732FF23A7402E97767D82 /* Zocial.ttf in Resources */ = {isa = PBXBuildFile; fileRef = 97091AD7EC594D638B125DB3 /* Zocial.ttf */; };
		085DD00256A84E3CAF012B9F /* AntDesign.ttf in Resources */ = {isa = PBXBuildFile; fileRef = D92271D486FA4019A360C590 /* AntDesign.ttf */; };
		0967D353756D4BD98341917C /* Dirtyoldtown.ttf in Resources */ = {isa = PBXBuildFile; fileRef = B176E7CA6DBD4B8493590987 /* Dirtyoldtown.ttf */; };
		7DF1394C9B764143AEF0A792 /* Entypo.ttf in Resources */ = {isa = PBXBuildFile; fileRef = D61E6A1543724965B9B97AB4 /* Entypo.ttf */; };
		16087743D7E14CE39E690CBD /* EvilIcons.ttf in Resources */ = {isa = PBXBuildFile; fileRef = 014C86506BCF4284B5F447A6 /* EvilIcons.ttf */; };
		7C8FCACDC7524F87A0361135 /* Feather.ttf in Resources */ = {isa = PBXBuildFile; fileRef = 79DBC0898A0F4325AB83A665 /* Feather.ttf */; };
		CED98F4FBD8D426896C908D9 /* FontAwesome.ttf in Resources */ = {isa = PBXBuildFile; fileRef = 9348BE5ADD3D498FBA5E38D8 /* FontAwesome.ttf */; };
		F58A298D436E48AB880486F2 /* FontAwesome5_Brands.ttf in Resources */ = {isa = PBXBuildFile; fileRef = 3AED02AE568C4B77B200E139 /* FontAwesome5_Brands.ttf */; };
		E92006EC2BDA4190A1D02E68 /* FontAwesome5_Regular.ttf in Resources */ = {isa = PBXBuildFile; fileRef = 281C08353E7C4FCA9041AFEA /* FontAwesome5_Regular.ttf */; };
		182F8954C027406D9C4DDE9D /* FontAwesome5_Solid.ttf in Resources */ = {isa = PBXBuildFile; fileRef = BBF1384817784A8F961FA46D /* FontAwesome5_Solid.ttf */; };
		E15BD83C22824C1F9244D73C /* Fontisto.ttf in Resources */ = {isa = PBXBuildFile; fileRef = C2171765B20C4442B80C8C35 /* Fontisto.ttf */; };
		F897CDB38EDF48309553972B /* Foundation.ttf in Resources */ = {isa = PBXBuildFile; fileRef = 6FBD2A29484942B6856F0408 /* Foundation.ttf */; };
		6152E4B830B24DC4B7B7C088 /* Ionicons.ttf in Resources */ = {isa = PBXBuildFile; fileRef = F323AACF4DBC4C57AC1A3D78 /* Ionicons.ttf */; };
		191DACD637C4442A95D63131 /* MaterialCommunityIcons.ttf in Resources */ = {isa = PBXBuildFile; fileRef = 7E93655F8DA344BFA431781B /* MaterialCommunityIcons.ttf */; };
		353348CA28664308B4AE1F49 /* MaterialIcons.ttf in Resources */ = {isa = PBXBuildFile; fileRef = 0D66B26D49D8406B941D4B73 /* MaterialIcons.ttf */; };
		E90DC256FDC3457C971B3E5A /* Octicons.ttf in Resources */ = {isa = PBXBuildFile; fileRef = 3DE0E35ABD654AD1AC15705F /* Octicons.ttf */; };
		CD9AD81DA22141F595B8B452 /* SimpleLineIcons.ttf in Resources */ = {isa = PBXBuildFile; fileRef = D53554CE9A164487A012BD42 /* SimpleLineIcons.ttf */; };
		E22A9A17D0C24C43BAB8FBB6 /* Zocial.ttf in Resources */ = {isa = PBXBuildFile; fileRef = F54E3429F9134E809746AD18 /* Zocial.ttf */; };
		0D29D1D9D98647EA80A3AC1A /* Montserrat-ExtraBold.ttf in Resources */ = {isa = PBXBuildFile; fileRef = E9FDD428D8C844C9ABEBF4EA /* Montserrat-ExtraBold.ttf */; };
		9203DB49C4EC42B1BF45FC17 /* Raleway-VariableFont_wght.ttf in Resources */ = {isa = PBXBuildFile; fileRef = F31A23CF6EF04B519A4939DA /* Raleway-VariableFont_wght.ttf */; };
		C6E1A9DE707F4E0FA945A1C7 /* ChrustyRock-ORLA.ttf in Resources */ = {isa = PBXBuildFile; fileRef = 60843F90DAD648E0A19EF93F /* ChrustyRock-ORLA.ttf */; };
/* End PBXBuildFile section */

/* Begin PBXContainerItemProxy section */
		00E356F41AD99517003FC87E /* PBXContainerItemProxy */ = {
			isa = PBXContainerItemProxy;
			containerPortal = 83CBB9F71A601CBA00E9B192 /* Project object */;
			proxyType = 1;
			remoteGlobalIDString = 13B07F861A680F5B00A75B9A;
			remoteInfo = San;
		};
/* End PBXContainerItemProxy section */

/* Begin PBXFileReference section */
		00E356EE1AD99517003FC87E /* SanTests.xctest */ = {isa = PBXFileReference; explicitFileType = wrapper.cfbundle; includeInIndex = 0; path = SanTests.xctest; sourceTree = BUILT_PRODUCTS_DIR; };
		00E356F11AD99517003FC87E /* Info.plist */ = {isa = PBXFileReference; lastKnownFileType = text.plist.xml; path = Info.plist; sourceTree = "<group>"; };
		00E356F21AD99517003FC87E /* SanTests.m */ = {isa = PBXFileReference; lastKnownFileType = sourcecode.c.objc; path = SanTests.m; sourceTree = "<group>"; };
		13B07F961A680F5B00A75B9A /* San.app */ = {isa = PBXFileReference; explicitFileType = wrapper.application; includeInIndex = 0; path = San.app; sourceTree = BUILT_PRODUCTS_DIR; };
		13B07FAF1A68108700A75B9A /* AppDelegate.h */ = {isa = PBXFileReference; fileEncoding = 4; lastKnownFileType = sourcecode.c.h; name = AppDelegate.h; path = San/AppDelegate.h; sourceTree = "<group>"; };
		13B07FB01A68108700A75B9A /* AppDelegate.m */ = {isa = PBXFileReference; fileEncoding = 4; lastKnownFileType = sourcecode.c.objc; name = AppDelegate.m; path = San/AppDelegate.m; sourceTree = "<group>"; };
		13B07FB51A68108700A75B9A /* Images.xcassets */ = {isa = PBXFileReference; lastKnownFileType = folder.assetcatalog; name = Images.xcassets; path = San/Images.xcassets; sourceTree = "<group>"; };
		13B07FB61A68108700A75B9A /* Info.plist */ = {isa = PBXFileReference; fileEncoding = 4; lastKnownFileType = text.plist.xml; name = Info.plist; path = San/Info.plist; sourceTree = "<group>"; };
		13B07FB71A68108700A75B9A /* main.m */ = {isa = PBXFileReference; fileEncoding = 4; lastKnownFileType = sourcecode.c.objc; name = main.m; path = San/main.m; sourceTree = "<group>"; };
		81AB9BB72411601600AC10FF /* LaunchScreen.storyboard */ = {isa = PBXFileReference; fileEncoding = 4; lastKnownFileType = file.storyboard; name = LaunchScreen.storyboard; path = San/LaunchScreen.storyboard; sourceTree = "<group>"; };
		ED297162215061F000B7C4FE /* JavaScriptCore.framework */ = {isa = PBXFileReference; lastKnownFileType = wrapper.framework; name = JavaScriptCore.framework; path = System/Library/Frameworks/JavaScriptCore.framework; sourceTree = SDKROOT; };
		373868821F2C4B0C930819A8 /* AntDesign.ttf */ = {isa = PBXFileReference; name = "AntDesign.ttf"; path = "../node_modules/react-native-vector-icons/Fonts/AntDesign.ttf"; sourceTree = "<group>"; fileEncoding = undefined; lastKnownFileType = unknown; explicitFileType = undefined; includeInIndex = 0; };
		D9562C8A1A374DEB837336CE /* Entypo.ttf */ = {isa = PBXFileReference; name = "Entypo.ttf"; path = "../node_modules/react-native-vector-icons/Fonts/Entypo.ttf"; sourceTree = "<group>"; fileEncoding = undefined; lastKnownFileType = unknown; explicitFileType = undefined; includeInIndex = 0; };
		AB1BACB0F86F4BABA4A5B32A /* EvilIcons.ttf */ = {isa = PBXFileReference; name = "EvilIcons.ttf"; path = "../node_modules/react-native-vector-icons/Fonts/EvilIcons.ttf"; sourceTree = "<group>"; fileEncoding = undefined; lastKnownFileType = unknown; explicitFileType = undefined; includeInIndex = 0; };
		F598ED0EBA364DA8BC2515E5 /* Feather.ttf */ = {isa = PBXFileReference; name = "Feather.ttf"; path = "../node_modules/react-native-vector-icons/Fonts/Feather.ttf"; sourceTree = "<group>"; fileEncoding = undefined; lastKnownFileType = unknown; explicitFileType = undefined; includeInIndex = 0; };
		7E544F0DB7834462B543FF18 /* FontAwesome.ttf */ = {isa = PBXFileReference; name = "FontAwesome.ttf"; path = "../node_modules/react-native-vector-icons/Fonts/FontAwesome.ttf"; sourceTree = "<group>"; fileEncoding = undefined; lastKnownFileType = unknown; explicitFileType = undefined; includeInIndex = 0; };
		63310F2DF3474E688873D952 /* FontAwesome5_Brands.ttf */ = {isa = PBXFileReference; name = "FontAwesome5_Brands.ttf"; path = "../node_modules/react-native-vector-icons/Fonts/FontAwesome5_Brands.ttf"; sourceTree = "<group>"; fileEncoding = undefined; lastKnownFileType = unknown; explicitFileType = undefined; includeInIndex = 0; };
		0EAF8EBC59114EFA824E2D0D /* FontAwesome5_Regular.ttf */ = {isa = PBXFileReference; name = "FontAwesome5_Regular.ttf"; path = "../node_modules/react-native-vector-icons/Fonts/FontAwesome5_Regular.ttf"; sourceTree = "<group>"; fileEncoding = undefined; lastKnownFileType = unknown; explicitFileType = undefined; includeInIndex = 0; };
		904EE323982E44DC8BA77A93 /* FontAwesome5_Solid.ttf */ = {isa = PBXFileReference; name = "FontAwesome5_Solid.ttf"; path = "../node_modules/react-native-vector-icons/Fonts/FontAwesome5_Solid.ttf"; sourceTree = "<group>"; fileEncoding = undefined; lastKnownFileType = unknown; explicitFileType = undefined; includeInIndex = 0; };
		ABB2B7F538184357845D21A6 /* Fontisto.ttf */ = {isa = PBXFileReference; name = "Fontisto.ttf"; path = "../node_modules/react-native-vector-icons/Fonts/Fontisto.ttf"; sourceTree = "<group>"; fileEncoding = undefined; lastKnownFileType = unknown; explicitFileType = undefined; includeInIndex = 0; };
		DA405D985E3746219AF162B4 /* Foundation.ttf */ = {isa = PBXFileReference; name = "Foundation.ttf"; path = "../node_modules/react-native-vector-icons/Fonts/Foundation.ttf"; sourceTree = "<group>"; fileEncoding = undefined; lastKnownFileType = unknown; explicitFileType = undefined; includeInIndex = 0; };
		9DEC73C4024A425799A545A0 /* Ionicons.ttf */ = {isa = PBXFileReference; name = "Ionicons.ttf"; path = "../node_modules/react-native-vector-icons/Fonts/Ionicons.ttf"; sourceTree = "<group>"; fileEncoding = undefined; lastKnownFileType = unknown; explicitFileType = undefined; includeInIndex = 0; };
		68A20414FA3F4277A1C6964D /* MaterialCommunityIcons.ttf */ = {isa = PBXFileReference; name = "MaterialCommunityIcons.ttf"; path = "../node_modules/react-native-vector-icons/Fonts/MaterialCommunityIcons.ttf"; sourceTree = "<group>"; fileEncoding = undefined; lastKnownFileType = unknown; explicitFileType = undefined; includeInIndex = 0; };
		356BF760EC6A417F9FCD2093 /* MaterialIcons.ttf */ = {isa = PBXFileReference; name = "MaterialIcons.ttf"; path = "../node_modules/react-native-vector-icons/Fonts/MaterialIcons.ttf"; sourceTree = "<group>"; fileEncoding = undefined; lastKnownFileType = unknown; explicitFileType = undefined; includeInIndex = 0; };
		85A7525E39084537908D5F2C /* Octicons.ttf */ = {isa = PBXFileReference; name = "Octicons.ttf"; path = "../node_modules/react-native-vector-icons/Fonts/Octicons.ttf"; sourceTree = "<group>"; fileEncoding = undefined; lastKnownFileType = unknown; explicitFileType = undefined; includeInIndex = 0; };
		3531B0CE0FC545A399BA1757 /* SimpleLineIcons.ttf */ = {isa = PBXFileReference; name = "SimpleLineIcons.ttf"; path = "../node_modules/react-native-vector-icons/Fonts/SimpleLineIcons.ttf"; sourceTree = "<group>"; fileEncoding = undefined; lastKnownFileType = unknown; explicitFileType = undefined; includeInIndex = 0; };
		97091AD7EC594D638B125DB3 /* Zocial.ttf */ = {isa = PBXFileReference; name = "Zocial.ttf"; path = "../node_modules/react-native-vector-icons/Fonts/Zocial.ttf"; sourceTree = "<group>"; fileEncoding = undefined; lastKnownFileType = unknown; explicitFileType = undefined; includeInIndex = 0; };
		D92271D486FA4019A360C590 /* AntDesign.ttf */ = {isa = PBXFileReference; name = "AntDesign.ttf"; path = "../android/app/src/main/assets/fonts/AntDesign.ttf"; sourceTree = "<group>"; fileEncoding = undefined; lastKnownFileType = unknown; explicitFileType = undefined; includeInIndex = 0; };
		B176E7CA6DBD4B8493590987 /* Dirtyoldtown.ttf */ = {isa = PBXFileReference; name = "Dirtyoldtown.ttf"; path = "../android/app/src/main/assets/fonts/Dirtyoldtown.ttf"; sourceTree = "<group>"; fileEncoding = undefined; lastKnownFileType = unknown; explicitFileType = undefined; includeInIndex = 0; };
		D61E6A1543724965B9B97AB4 /* Entypo.ttf */ = {isa = PBXFileReference; name = "Entypo.ttf"; path = "../android/app/src/main/assets/fonts/Entypo.ttf"; sourceTree = "<group>"; fileEncoding = undefined; lastKnownFileType = unknown; explicitFileType = undefined; includeInIndex = 0; };
		014C86506BCF4284B5F447A6 /* EvilIcons.ttf */ = {isa = PBXFileReference; name = "EvilIcons.ttf"; path = "../android/app/src/main/assets/fonts/EvilIcons.ttf"; sourceTree = "<group>"; fileEncoding = undefined; lastKnownFileType = unknown; explicitFileType = undefined; includeInIndex = 0; };
		79DBC0898A0F4325AB83A665 /* Feather.ttf */ = {isa = PBXFileReference; name = "Feather.ttf"; path = "../android/app/src/main/assets/fonts/Feather.ttf"; sourceTree = "<group>"; fileEncoding = undefined; lastKnownFileType = unknown; explicitFileType = undefined; includeInIndex = 0; };
		9348BE5ADD3D498FBA5E38D8 /* FontAwesome.ttf */ = {isa = PBXFileReference; name = "FontAwesome.ttf"; path = "../android/app/src/main/assets/fonts/FontAwesome.ttf"; sourceTree = "<group>"; fileEncoding = undefined; lastKnownFileType = unknown; explicitFileType = undefined; includeInIndex = 0; };
		3AED02AE568C4B77B200E139 /* FontAwesome5_Brands.ttf */ = {isa = PBXFileReference; name = "FontAwesome5_Brands.ttf"; path = "../android/app/src/main/assets/fonts/FontAwesome5_Brands.ttf"; sourceTree = "<group>"; fileEncoding = undefined; lastKnownFileType = unknown; explicitFileType = undefined; includeInIndex = 0; };
		281C08353E7C4FCA9041AFEA /* FontAwesome5_Regular.ttf */ = {isa = PBXFileReference; name = "FontAwesome5_Regular.ttf"; path = "../android/app/src/main/assets/fonts/FontAwesome5_Regular.ttf"; sourceTree = "<group>"; fileEncoding = undefined; lastKnownFileType = unknown; explicitFileType = undefined; includeInIndex = 0; };
		BBF1384817784A8F961FA46D /* FontAwesome5_Solid.ttf */ = {isa = PBXFileReference; name = "FontAwesome5_Solid.ttf"; path = "../android/app/src/main/assets/fonts/FontAwesome5_Solid.ttf"; sourceTree = "<group>"; fileEncoding = undefined; lastKnownFileType = unknown; explicitFileType = undefined; includeInIndex = 0; };
		C2171765B20C4442B80C8C35 /* Fontisto.ttf */ = {isa = PBXFileReference; name = "Fontisto.ttf"; path = "../android/app/src/main/assets/fonts/Fontisto.ttf"; sourceTree = "<group>"; fileEncoding = undefined; lastKnownFileType = unknown; explicitFileType = undefined; includeInIndex = 0; };
		6FBD2A29484942B6856F0408 /* Foundation.ttf */ = {isa = PBXFileReference; name = "Foundation.ttf"; path = "../android/app/src/main/assets/fonts/Foundation.ttf"; sourceTree = "<group>"; fileEncoding = undefined; lastKnownFileType = unknown; explicitFileType = undefined; includeInIndex = 0; };
		F323AACF4DBC4C57AC1A3D78 /* Ionicons.ttf */ = {isa = PBXFileReference; name = "Ionicons.ttf"; path = "../android/app/src/main/assets/fonts/Ionicons.ttf"; sourceTree = "<group>"; fileEncoding = undefined; lastKnownFileType = unknown; explicitFileType = undefined; includeInIndex = 0; };
		7E93655F8DA344BFA431781B /* MaterialCommunityIcons.ttf */ = {isa = PBXFileReference; name = "MaterialCommunityIcons.ttf"; path = "../android/app/src/main/assets/fonts/MaterialCommunityIcons.ttf"; sourceTree = "<group>"; fileEncoding = undefined; lastKnownFileType = unknown; explicitFileType = undefined; includeInIndex = 0; };
		0D66B26D49D8406B941D4B73 /* MaterialIcons.ttf */ = {isa = PBXFileReference; name = "MaterialIcons.ttf"; path = "../android/app/src/main/assets/fonts/MaterialIcons.ttf"; sourceTree = "<group>"; fileEncoding = undefined; lastKnownFileType = unknown; explicitFileType = undefined; includeInIndex = 0; };
		3DE0E35ABD654AD1AC15705F /* Octicons.ttf */ = {isa = PBXFileReference; name = "Octicons.ttf"; path = "../android/app/src/main/assets/fonts/Octicons.ttf"; sourceTree = "<group>"; fileEncoding = undefined; lastKnownFileType = unknown; explicitFileType = undefined; includeInIndex = 0; };
		D53554CE9A164487A012BD42 /* SimpleLineIcons.ttf */ = {isa = PBXFileReference; name = "SimpleLineIcons.ttf"; path = "../android/app/src/main/assets/fonts/SimpleLineIcons.ttf"; sourceTree = "<group>"; fileEncoding = undefined; lastKnownFileType = unknown; explicitFileType = undefined; includeInIndex = 0; };
		F54E3429F9134E809746AD18 /* Zocial.ttf */ = {isa = PBXFileReference; name = "Zocial.ttf"; path = "../android/app/src/main/assets/fonts/Zocial.ttf"; sourceTree = "<group>"; fileEncoding = undefined; lastKnownFileType = unknown; explicitFileType = undefined; includeInIndex = 0; };
		E9FDD428D8C844C9ABEBF4EA /* Montserrat-ExtraBold.ttf */ = {isa = PBXFileReference; name = "Montserrat-ExtraBold.ttf"; path = "../assets/fonts/Montserrat-ExtraBold.ttf"; sourceTree = "<group>"; fileEncoding = undefined; lastKnownFileType = unknown; explicitFileType = undefined; includeInIndex = 0; };
		F31A23CF6EF04B519A4939DA /* Raleway-VariableFont_wght.ttf */ = {isa = PBXFileReference; name = "Raleway-VariableFont_wght.ttf"; path = "../assets/fonts/Raleway-VariableFont_wght.ttf"; sourceTree = "<group>"; fileEncoding = undefined; lastKnownFileType = unknown; explicitFileType = undefined; includeInIndex = 0; };
		60843F90DAD648E0A19EF93F /* ChrustyRock-ORLA.ttf */ = {isa = PBXFileReference; name = "ChrustyRock-ORLA.ttf"; path = "../assets/fonts/ChrustyRock-ORLA.ttf"; sourceTree = "<group>"; fileEncoding = undefined; lastKnownFileType = unknown; explicitFileType = undefined; includeInIndex = 0; };
/* End PBXFileReference section */

/* Begin PBXFrameworksBuildPhase section */
		00E356EB1AD99517003FC87E /* Frameworks */ = {
			isa = PBXFrameworksBuildPhase;
			buildActionMask = 2147483647;
			files = (
			);
			runOnlyForDeploymentPostprocessing = 0;
		};
		13B07F8C1A680F5B00A75B9A /* Frameworks */ = {
			isa = PBXFrameworksBuildPhase;
			buildActionMask = 2147483647;
			files = (
			);
			runOnlyForDeploymentPostprocessing = 0;
		};
/* End PBXFrameworksBuildPhase section */

/* Begin PBXGroup section */
		00E356EF1AD99517003FC87E /* SanTests */ = {
			isa = PBXGroup;
			children = (
				00E356F21AD99517003FC87E /* SanTests.m */,
				00E356F01AD99517003FC87E /* Supporting Files */,
			);
			path = SanTests;
			sourceTree = "<group>";
		};
		00E356F01AD99517003FC87E /* Supporting Files */ = {
			isa = PBXGroup;
			children = (
				00E356F11AD99517003FC87E /* Info.plist */,
			);
			name = "Supporting Files";
			sourceTree = "<group>";
		};
		13B07FAE1A68108700A75B9A /* San */ = {
			isa = PBXGroup;
			children = (
				13B07FAF1A68108700A75B9A /* AppDelegate.h */,
				13B07FB01A68108700A75B9A /* AppDelegate.m */,
				13B07FB51A68108700A75B9A /* Images.xcassets */,
				13B07FB61A68108700A75B9A /* Info.plist */,
				81AB9BB72411601600AC10FF /* LaunchScreen.storyboard */,
				13B07FB71A68108700A75B9A /* main.m */,
			);
			name = San;
			sourceTree = "<group>";
		};
		2D16E6871FA4F8E400B85C8A /* Frameworks */ = {
			isa = PBXGroup;
			children = (
				ED297162215061F000B7C4FE /* JavaScriptCore.framework */,
			);
			name = Frameworks;
			sourceTree = "<group>";
		};
		832341AE1AAA6A7D00B99B32 /* Libraries */ = {
			isa = PBXGroup;
			children = (
			);
			name = Libraries;
			sourceTree = "<group>";
		};
		83CBB9F61A601CBA00E9B192 = {
			isa = PBXGroup;
			children = (
				13B07FAE1A68108700A75B9A /* San */,
				832341AE1AAA6A7D00B99B32 /* Libraries */,
				00E356EF1AD99517003FC87E /* SanTests */,
				83CBBA001A601CBA00E9B192 /* Products */,
				2D16E6871FA4F8E400B85C8A /* Frameworks */,
				3C51CF24E5064F0199288357 /* Resources */,
			);
			indentWidth = 2;
			sourceTree = "<group>";
			tabWidth = 2;
			usesTabs = 0;
		};
		83CBBA001A601CBA00E9B192 /* Products */ = {
			isa = PBXGroup;
			children = (
				13B07F961A680F5B00A75B9A /* San.app */,
				00E356EE1AD99517003FC87E /* SanTests.xctest */,
			);
			name = Products;
			sourceTree = "<group>";
		};
		3C51CF24E5064F0199288357 /* Resources */ = {
			isa = "PBXGroup";
			children = (
				373868821F2C4B0C930819A8 /* AntDesign.ttf */,
				D9562C8A1A374DEB837336CE /* Entypo.ttf */,
				AB1BACB0F86F4BABA4A5B32A /* EvilIcons.ttf */,
				F598ED0EBA364DA8BC2515E5 /* Feather.ttf */,
				7E544F0DB7834462B543FF18 /* FontAwesome.ttf */,
				63310F2DF3474E688873D952 /* FontAwesome5_Brands.ttf */,
				0EAF8EBC59114EFA824E2D0D /* FontAwesome5_Regular.ttf */,
				904EE323982E44DC8BA77A93 /* FontAwesome5_Solid.ttf */,
				ABB2B7F538184357845D21A6 /* Fontisto.ttf */,
				DA405D985E3746219AF162B4 /* Foundation.ttf */,
				9DEC73C4024A425799A545A0 /* Ionicons.ttf */,
				68A20414FA3F4277A1C6964D /* MaterialCommunityIcons.ttf */,
				356BF760EC6A417F9FCD2093 /* MaterialIcons.ttf */,
				85A7525E39084537908D5F2C /* Octicons.ttf */,
				3531B0CE0FC545A399BA1757 /* SimpleLineIcons.ttf */,
				97091AD7EC594D638B125DB3 /* Zocial.ttf */,
				D92271D486FA4019A360C590 /* AntDesign.ttf */,
				B176E7CA6DBD4B8493590987 /* Dirtyoldtown.ttf */,
				D61E6A1543724965B9B97AB4 /* Entypo.ttf */,
				014C86506BCF4284B5F447A6 /* EvilIcons.ttf */,
				79DBC0898A0F4325AB83A665 /* Feather.ttf */,
				9348BE5ADD3D498FBA5E38D8 /* FontAwesome.ttf */,
				3AED02AE568C4B77B200E139 /* FontAwesome5_Brands.ttf */,
				281C08353E7C4FCA9041AFEA /* FontAwesome5_Regular.ttf */,
				BBF1384817784A8F961FA46D /* FontAwesome5_Solid.ttf */,
				C2171765B20C4442B80C8C35 /* Fontisto.ttf */,
				6FBD2A29484942B6856F0408 /* Foundation.ttf */,
				F323AACF4DBC4C57AC1A3D78 /* Ionicons.ttf */,
				7E93655F8DA344BFA431781B /* MaterialCommunityIcons.ttf */,
				0D66B26D49D8406B941D4B73 /* MaterialIcons.ttf */,
				3DE0E35ABD654AD1AC15705F /* Octicons.ttf */,
				D53554CE9A164487A012BD42 /* SimpleLineIcons.ttf */,
				F54E3429F9134E809746AD18 /* Zocial.ttf */,
				E9FDD428D8C844C9ABEBF4EA /* Montserrat-ExtraBold.ttf */,
				F31A23CF6EF04B519A4939DA /* Raleway-VariableFont_wght.ttf */,
				60843F90DAD648E0A19EF93F /* ChrustyRock-ORLA.ttf */,
			);
			name = Resources;
			sourceTree = "<group>";
			path = "";
		};
/* End PBXGroup section */

/* Begin PBXNativeTarget section */
		00E356ED1AD99517003FC87E /* SanTests */ = {
			isa = PBXNativeTarget;
			buildConfigurationList = 00E357021AD99517003FC87E /* Build configuration list for PBXNativeTarget "SanTests" */;
			buildPhases = (
				00E356EA1AD99517003FC87E /* Sources */,
				00E356EB1AD99517003FC87E /* Frameworks */,
				00E356EC1AD99517003FC87E /* Resources */,
			);
			buildRules = (
			);
			dependencies = (
				00E356F51AD99517003FC87E /* PBXTargetDependency */,
			);
			name = SanTests;
			productName = SanTests;
			productReference = 00E356EE1AD99517003FC87E /* SanTests.xctest */;
			productType = "com.apple.product-type.bundle.unit-test";
		};
		13B07F861A680F5B00A75B9A /* San */ = {
			isa = PBXNativeTarget;
			buildConfigurationList = 13B07F931A680F5B00A75B9A /* Build configuration list for PBXNativeTarget "San" */;
			buildPhases = (
				FD10A7F022414F080027D42C /* Start Packager */,
				13B07F871A680F5B00A75B9A /* Sources */,
				13B07F8C1A680F5B00A75B9A /* Frameworks */,
				13B07F8E1A680F5B00A75B9A /* Resources */,
				00DD1BFF1BD5951E006B06BC /* Bundle React Native code and images */,
			);
			buildRules = (
			);
			dependencies = (
			);
			name = San;
			productName = San;
			productReference = 13B07F961A680F5B00A75B9A /* San.app */;
			productType = "com.apple.product-type.application";
		};
/* End PBXNativeTarget section */

/* Begin PBXProject section */
		83CBB9F71A601CBA00E9B192 /* Project object */ = {
			isa = PBXProject;
			attributes = {
				LastUpgradeCheck = 1210;
				TargetAttributes = {
					00E356ED1AD99517003FC87E = {
						CreatedOnToolsVersion = 6.2;
						TestTargetID = 13B07F861A680F5B00A75B9A;
					};
					13B07F861A680F5B00A75B9A = {
						LastSwiftMigration = 1120;
					};
				};
			};
			buildConfigurationList = 83CBB9FA1A601CBA00E9B192 /* Build configuration list for PBXProject "San" */;
			compatibilityVersion = "Xcode 12.0";
			developmentRegion = en;
			hasScannedForEncodings = 0;
			knownRegions = (
				en,
				Base,
			);
			mainGroup = 83CBB9F61A601CBA00E9B192;
			productRefGroup = 83CBBA001A601CBA00E9B192 /* Products */;
			projectDirPath = "";
			projectRoot = "";
			targets = (
				13B07F861A680F5B00A75B9A /* San */,
				00E356ED1AD99517003FC87E /* SanTests */,
			);
		};
/* End PBXProject section */

/* Begin PBXResourcesBuildPhase section */
		00E356EC1AD99517003FC87E /* Resources */ = {
			isa = PBXResourcesBuildPhase;
			buildActionMask = 2147483647;
			files = (
			);
			runOnlyForDeploymentPostprocessing = 0;
		};
		13B07F8E1A680F5B00A75B9A /* Resources */ = {
			isa = PBXResourcesBuildPhase;
			buildActionMask = 2147483647;
			files = (
				81AB9BB82411601600AC10FF /* LaunchScreen.storyboard in Resources */,
				13B07FBF1A68108700A75B9A /* Images.xcassets in Resources */,
				53423A2E4BE548EE9D5A1A93 /* AntDesign.ttf in Resources */,
				A53E23608141490BA7411E7C /* Entypo.ttf in Resources */,
				B4B679E771E243DF85768887 /* EvilIcons.ttf in Resources */,
				5937162BB6B14DCE922FBB4C /* Feather.ttf in Resources */,
				1FE27AE6B7D549F886170AA5 /* FontAwesome.ttf in Resources */,
				09B926EAAC7043EF857E987D /* FontAwesome5_Brands.ttf in Resources */,
				8DF16F5E969B4BCC8E7D305C /* FontAwesome5_Regular.ttf in Resources */,
				8BF10E00EB59473A9714E12C /* FontAwesome5_Solid.ttf in Resources */,
				BC36B4191DED47C5A4A32A12 /* Fontisto.ttf in Resources */,
				8A52F449BC364599892F26B5 /* Foundation.ttf in Resources */,
				F1E8F5C162D64BB2A0A42DED /* Ionicons.ttf in Resources */,
				535FC4210F914DB7829F1C5B /* MaterialCommunityIcons.ttf in Resources */,
				8EA7E65279324C69BB37CBFB /* MaterialIcons.ttf in Resources */,
				7791BA1FFC3A4B089AB170A3 /* Octicons.ttf in Resources */,
				4C87127847C7448189C6E928 /* SimpleLineIcons.ttf in Resources */,
				3BD732FF23A7402E97767D82 /* Zocial.ttf in Resources */,
				085DD00256A84E3CAF012B9F /* AntDesign.ttf in Resources */,
				0967D353756D4BD98341917C /* Dirtyoldtown.ttf in Resources */,
				7DF1394C9B764143AEF0A792 /* Entypo.ttf in Resources */,
				16087743D7E14CE39E690CBD /* EvilIcons.ttf in Resources */,
				7C8FCACDC7524F87A0361135 /* Feather.ttf in Resources */,
				CED98F4FBD8D426896C908D9 /* FontAwesome.ttf in Resources */,
				F58A298D436E48AB880486F2 /* FontAwesome5_Brands.ttf in Resources */,
				E92006EC2BDA4190A1D02E68 /* FontAwesome5_Regular.ttf in Resources */,
				182F8954C027406D9C4DDE9D /* FontAwesome5_Solid.ttf in Resources */,
				E15BD83C22824C1F9244D73C /* Fontisto.ttf in Resources */,
				F897CDB38EDF48309553972B /* Foundation.ttf in Resources */,
				6152E4B830B24DC4B7B7C088 /* Ionicons.ttf in Resources */,
				191DACD637C4442A95D63131 /* MaterialCommunityIcons.ttf in Resources */,
				353348CA28664308B4AE1F49 /* MaterialIcons.ttf in Resources */,
				E90DC256FDC3457C971B3E5A /* Octicons.ttf in Resources */,
				CD9AD81DA22141F595B8B452 /* SimpleLineIcons.ttf in Resources */,
				E22A9A17D0C24C43BAB8FBB6 /* Zocial.ttf in Resources */,
				0D29D1D9D98647EA80A3AC1A /* Montserrat-ExtraBold.ttf in Resources */,
				9203DB49C4EC42B1BF45FC17 /* Raleway-VariableFont_wght.ttf in Resources */,
				C6E1A9DE707F4E0FA945A1C7 /* ChrustyRock-ORLA.ttf in Resources */,
			);
			runOnlyForDeploymentPostprocessing = 0;
		};
/* End PBXResourcesBuildPhase section */

/* Begin PBXShellScriptBuildPhase section */
		00DD1BFF1BD5951E006B06BC /* Bundle React Native code and images */ = {
			isa = PBXShellScriptBuildPhase;
			buildActionMask = 2147483647;
			files = (
			);
			inputPaths = (
			);
			name = "Bundle React Native code and images";
			outputPaths = (
			);
			runOnlyForDeploymentPostprocessing = 0;
			shellPath = /bin/sh;
			shellScript = "set -e\n\nexport NODE_BINARY=node\n../node_modules/react-native/scripts/react-native-xcode.sh\n";
		};
		FD10A7F022414F080027D42C /* Start Packager */ = {
			isa = PBXShellScriptBuildPhase;
			buildActionMask = 2147483647;
			files = (
			);
			inputFileListPaths = (
			);
			inputPaths = (
			);
			name = "Start Packager";
			outputFileListPaths = (
			);
			outputPaths = (
			);
			runOnlyForDeploymentPostprocessing = 0;
			shellPath = /bin/sh;
			shellScript = "export RCT_METRO_PORT=\"${RCT_METRO_PORT:=8081}\"\necho \"export RCT_METRO_PORT=${RCT_METRO_PORT}\" > \"${SRCROOT}/../node_modules/react-native/scripts/.packager.env\"\nif [ -z \"${RCT_NO_LAUNCH_PACKAGER+xxx}\" ] ; then\n  if nc -w 5 -z localhost ${RCT_METRO_PORT} ; then\n    if ! curl -s \"http://localhost:${RCT_METRO_PORT}/status\" | grep -q \"packager-status:running\" ; then\n      echo \"Port ${RCT_METRO_PORT} already in use, packager is either not running or not running correctly\"\n      exit 2\n    fi\n  else\n    open \"$SRCROOT/../node_modules/react-native/scripts/launchPackager.command\" || echo \"Can't start packager automatically\"\n  fi\nfi\n";
			showEnvVarsInLog = 0;
		};
/* End PBXShellScriptBuildPhase section */

/* Begin PBXSourcesBuildPhase section */
		00E356EA1AD99517003FC87E /* Sources */ = {
			isa = PBXSourcesBuildPhase;
			buildActionMask = 2147483647;
			files = (
				00E356F31AD99517003FC87E /* SanTests.m in Sources */,
			);
			runOnlyForDeploymentPostprocessing = 0;
		};
		13B07F871A680F5B00A75B9A /* Sources */ = {
			isa = PBXSourcesBuildPhase;
			buildActionMask = 2147483647;
			files = (
				13B07FBC1A68108700A75B9A /* AppDelegate.m in Sources */,
				13B07FC11A68108700A75B9A /* main.m in Sources */,
			);
			runOnlyForDeploymentPostprocessing = 0;
		};
/* End PBXSourcesBuildPhase section */

/* Begin PBXTargetDependency section */
		00E356F51AD99517003FC87E /* PBXTargetDependency */ = {
			isa = PBXTargetDependency;
			target = 13B07F861A680F5B00A75B9A /* San */;
			targetProxy = 00E356F41AD99517003FC87E /* PBXContainerItemProxy */;
		};
/* End PBXTargetDependency section */

/* Begin XCBuildConfiguration section */
		00E356F61AD99517003FC87E /* Debug */ = {
			isa = XCBuildConfiguration;
			buildSettings = {
				BUNDLE_LOADER = "$(TEST_HOST)";
				GCC_PREPROCESSOR_DEFINITIONS = (
					"DEBUG=1",
					"$(inherited)",
				);
				INFOPLIST_FILE = SanTests/Info.plist;
				IPHONEOS_DEPLOYMENT_TARGET = 11.0;
				LD_RUNPATH_SEARCH_PATHS = (
					"$(inherited)",
					"@executable_path/Frameworks",
					"@loader_path/Frameworks",
				);
				OTHER_LDFLAGS = (
					"-ObjC",
					"-lc++",
					"$(inherited)",
				);
				PRODUCT_BUNDLE_IDENTIFIER = "org.reactjs.native.example.$(PRODUCT_NAME:rfc1034identifier)";
				PRODUCT_NAME = "$(TARGET_NAME)";
				TEST_HOST = "$(BUILT_PRODUCTS_DIR)/San.app/San";
			};
			name = Debug;
		};
		00E356F71AD99517003FC87E /* Release */ = {
			isa = XCBuildConfiguration;
			buildSettings = {
				BUNDLE_LOADER = "$(TEST_HOST)";
				COPY_PHASE_STRIP = NO;
				INFOPLIST_FILE = SanTests/Info.plist;
				IPHONEOS_DEPLOYMENT_TARGET = 11.0;
				LD_RUNPATH_SEARCH_PATHS = (
					"$(inherited)",
					"@executable_path/Frameworks",
					"@loader_path/Frameworks",
				);
				OTHER_LDFLAGS = (
					"-ObjC",
					"-lc++",
					"$(inherited)",
				);
				PRODUCT_BUNDLE_IDENTIFIER = "org.reactjs.native.example.$(PRODUCT_NAME:rfc1034identifier)";
				PRODUCT_NAME = "$(TARGET_NAME)";
				TEST_HOST = "$(BUILT_PRODUCTS_DIR)/San.app/San";
			};
			name = Release;
		};
		13B07F941A680F5B00A75B9A /* Debug */ = {
			isa = XCBuildConfiguration;
			buildSettings = {
				ASSETCATALOG_COMPILER_APPICON_NAME = AppIcon;
				CLANG_ENABLE_MODULES = YES;
				CURRENT_PROJECT_VERSION = 1;
				ENABLE_BITCODE = NO;
				INFOPLIST_FILE = San/Info.plist;
				LD_RUNPATH_SEARCH_PATHS = (
					"$(inherited)",
					"@executable_path/Frameworks",
				);
				OTHER_LDFLAGS = (
					"$(inherited)",
					"-ObjC",
					"-lc++",
				);
				PRODUCT_BUNDLE_IDENTIFIER = "org.reactjs.native.example.$(PRODUCT_NAME:rfc1034identifier)";
				PRODUCT_NAME = San;
				SWIFT_OPTIMIZATION_LEVEL = "-Onone";
				SWIFT_VERSION = 5.0;
				VERSIONING_SYSTEM = "apple-generic";
			};
			name = Debug;
		};
		13B07F951A680F5B00A75B9A /* Release */ = {
			isa = XCBuildConfiguration;
			buildSettings = {
				ASSETCATALOG_COMPILER_APPICON_NAME = AppIcon;
				CLANG_ENABLE_MODULES = YES;
				CURRENT_PROJECT_VERSION = 1;
				INFOPLIST_FILE = San/Info.plist;
				LD_RUNPATH_SEARCH_PATHS = (
					"$(inherited)",
					"@executable_path/Frameworks",
				);
				OTHER_LDFLAGS = (
					"$(inherited)",
					"-ObjC",
					"-lc++",
				);
				PRODUCT_BUNDLE_IDENTIFIER = "org.reactjs.native.example.$(PRODUCT_NAME:rfc1034identifier)";
				PRODUCT_NAME = San;
				SWIFT_VERSION = 5.0;
				VERSIONING_SYSTEM = "apple-generic";
			};
			name = Release;
		};
		83CBBA201A601CBA00E9B192 /* Debug */ = {
			isa = XCBuildConfiguration;
			buildSettings = {
				ALWAYS_SEARCH_USER_PATHS = NO;
				CLANG_ANALYZER_LOCALIZABILITY_NONLOCALIZED = YES;
				CLANG_CXX_LANGUAGE_STANDARD = "gnu++0x";
				CLANG_CXX_LIBRARY = "libc++";
				CLANG_ENABLE_MODULES = YES;
				CLANG_ENABLE_OBJC_ARC = YES;
				CLANG_WARN_BLOCK_CAPTURE_AUTORELEASING = YES;
				CLANG_WARN_BOOL_CONVERSION = YES;
				CLANG_WARN_COMMA = YES;
				CLANG_WARN_CONSTANT_CONVERSION = YES;
				CLANG_WARN_DEPRECATED_OBJC_IMPLEMENTATIONS = YES;
				CLANG_WARN_DIRECT_OBJC_ISA_USAGE = YES_ERROR;
				CLANG_WARN_EMPTY_BODY = YES;
				CLANG_WARN_ENUM_CONVERSION = YES;
				CLANG_WARN_INFINITE_RECURSION = YES;
				CLANG_WARN_INT_CONVERSION = YES;
				CLANG_WARN_NON_LITERAL_NULL_CONVERSION = YES;
				CLANG_WARN_OBJC_IMPLICIT_RETAIN_SELF = YES;
				CLANG_WARN_OBJC_LITERAL_CONVERSION = YES;
				CLANG_WARN_OBJC_ROOT_CLASS = YES_ERROR;
				CLANG_WARN_QUOTED_INCLUDE_IN_FRAMEWORK_HEADER = YES;
				CLANG_WARN_RANGE_LOOP_ANALYSIS = YES;
				CLANG_WARN_STRICT_PROTOTYPES = YES;
				CLANG_WARN_SUSPICIOUS_MOVE = YES;
				CLANG_WARN_UNREACHABLE_CODE = YES;
				CLANG_WARN__DUPLICATE_METHOD_MATCH = YES;
				"CODE_SIGN_IDENTITY[sdk=iphoneos*]" = "iPhone Developer";
				COPY_PHASE_STRIP = NO;
				ENABLE_STRICT_OBJC_MSGSEND = YES;
				ENABLE_TESTABILITY = YES;
				GCC_C_LANGUAGE_STANDARD = gnu99;
				GCC_DYNAMIC_NO_PIC = NO;
				GCC_NO_COMMON_BLOCKS = YES;
				GCC_OPTIMIZATION_LEVEL = 0;
				GCC_PREPROCESSOR_DEFINITIONS = (
					"DEBUG=1",
					"$(inherited)",
				);
				GCC_SYMBOLS_PRIVATE_EXTERN = NO;
				GCC_WARN_64_TO_32_BIT_CONVERSION = YES;
				GCC_WARN_ABOUT_RETURN_TYPE = YES_ERROR;
				GCC_WARN_UNDECLARED_SELECTOR = YES;
				GCC_WARN_UNINITIALIZED_AUTOS = YES_AGGRESSIVE;
				GCC_WARN_UNUSED_FUNCTION = YES;
				GCC_WARN_UNUSED_VARIABLE = YES;
				IPHONEOS_DEPLOYMENT_TARGET = 11.0;
				LD_RUNPATH_SEARCH_PATHS = (
					/usr/lib/swift,
					"$(inherited)",
				);
				LIBRARY_SEARCH_PATHS = (
					"\"$(SDKROOT)/usr/lib/swift\"",
					"\"$(TOOLCHAIN_DIR)/usr/lib/swift/$(PLATFORM_NAME)\"",
					"\"$(inherited)\"",
				);
				MTL_ENABLE_DEBUG_INFO = YES;
				ONLY_ACTIVE_ARCH = YES;
				SDKROOT = iphoneos;
			};
			name = Debug;
		};
		83CBBA211A601CBA00E9B192 /* Release */ = {
			isa = XCBuildConfiguration;
			buildSettings = {
				ALWAYS_SEARCH_USER_PATHS = NO;
				CLANG_ANALYZER_LOCALIZABILITY_NONLOCALIZED = YES;
				CLANG_CXX_LANGUAGE_STANDARD = "gnu++0x";
				CLANG_CXX_LIBRARY = "libc++";
				CLANG_ENABLE_MODULES = YES;
				CLANG_ENABLE_OBJC_ARC = YES;
				CLANG_WARN_BLOCK_CAPTURE_AUTORELEASING = YES;
				CLANG_WARN_BOOL_CONVERSION = YES;
				CLANG_WARN_COMMA = YES;
				CLANG_WARN_CONSTANT_CONVERSION = YES;
				CLANG_WARN_DEPRECATED_OBJC_IMPLEMENTATIONS = YES;
				CLANG_WARN_DIRECT_OBJC_ISA_USAGE = YES_ERROR;
				CLANG_WARN_EMPTY_BODY = YES;
				CLANG_WARN_ENUM_CONVERSION = YES;
				CLANG_WARN_INFINITE_RECURSION = YES;
				CLANG_WARN_INT_CONVERSION = YES;
				CLANG_WARN_NON_LITERAL_NULL_CONVERSION = YES;
				CLANG_WARN_OBJC_IMPLICIT_RETAIN_SELF = YES;
				CLANG_WARN_OBJC_LITERAL_CONVERSION = YES;
				CLANG_WARN_OBJC_ROOT_CLASS = YES_ERROR;
				CLANG_WARN_QUOTED_INCLUDE_IN_FRAMEWORK_HEADER = YES;
				CLANG_WARN_RANGE_LOOP_ANALYSIS = YES;
				CLANG_WARN_STRICT_PROTOTYPES = YES;
				CLANG_WARN_SUSPICIOUS_MOVE = YES;
				CLANG_WARN_UNREACHABLE_CODE = YES;
				CLANG_WARN__DUPLICATE_METHOD_MATCH = YES;
				"CODE_SIGN_IDENTITY[sdk=iphoneos*]" = "iPhone Developer";
				COPY_PHASE_STRIP = YES;
				ENABLE_NS_ASSERTIONS = NO;
				ENABLE_STRICT_OBJC_MSGSEND = YES;
				GCC_C_LANGUAGE_STANDARD = gnu99;
				GCC_NO_COMMON_BLOCKS = YES;
				GCC_WARN_64_TO_32_BIT_CONVERSION = YES;
				GCC_WARN_ABOUT_RETURN_TYPE = YES_ERROR;
				GCC_WARN_UNDECLARED_SELECTOR = YES;
				GCC_WARN_UNINITIALIZED_AUTOS = YES_AGGRESSIVE;
				GCC_WARN_UNUSED_FUNCTION = YES;
				GCC_WARN_UNUSED_VARIABLE = YES;
				IPHONEOS_DEPLOYMENT_TARGET = 11.0;
				LD_RUNPATH_SEARCH_PATHS = (
					/usr/lib/swift,
					"$(inherited)",
				);
				LIBRARY_SEARCH_PATHS = (
					"\"$(SDKROOT)/usr/lib/swift\"",
					"\"$(TOOLCHAIN_DIR)/usr/lib/swift/$(PLATFORM_NAME)\"",
					"\"$(inherited)\"",
				);
				MTL_ENABLE_DEBUG_INFO = NO;
				SDKROOT = iphoneos;
				VALIDATE_PRODUCT = YES;
			};
			name = Release;
		};
/* End XCBuildConfiguration section */

/* Begin XCConfigurationList section */
		00E357021AD99517003FC87E /* Build configuration list for PBXNativeTarget "SanTests" */ = {
			isa = XCConfigurationList;
			buildConfigurations = (
				00E356F61AD99517003FC87E /* Debug */,
				00E356F71AD99517003FC87E /* Release */,
			);
			defaultConfigurationIsVisible = 0;
			defaultConfigurationName = Release;
		};
		13B07F931A680F5B00A75B9A /* Build configuration list for PBXNativeTarget "San" */ = {
			isa = XCConfigurationList;
			buildConfigurations = (
				13B07F941A680F5B00A75B9A /* Debug */,
				13B07F951A680F5B00A75B9A /* Release */,
			);
			defaultConfigurationIsVisible = 0;
			defaultConfigurationName = Release;
		};
		83CBB9FA1A601CBA00E9B192 /* Build configuration list for PBXProject "San" */ = {
			isa = XCConfigurationList;
			buildConfigurations = (
				83CBBA201A601CBA00E9B192 /* Debug */,
				83CBBA211A601CBA00E9B192 /* Release */,
			);
			defaultConfigurationIsVisible = 0;
			defaultConfigurationName = Release;
		};
/* End XCConfigurationList section */
	};
	rootObject = 83CBB9F71A601CBA00E9B192 /* Project object */;
}
